
Microsoft Visual Studio Solution File, Format Version 12.00
# Visual Studio 14
VisualStudioVersion = 14.0.23107.0
MinimumVisualStudioVersion = 10.0.40219.1
Project("{FAE04EC0-301F-11D3-BF4B-00C04F79EFBC}") = "IAPWS Application", "IAPWS Application.csproj", "{1964D01E-902C-4069-9A93-BF7C9A1894F5}"
EndProject
Project("{FAE04EC0-301F-11D3-BF4B-00C04F79EFBC}") = "IAPWSL", "..\IAPWSL\IAPWSL.csproj", "{D6A22B10-71A0-4D7E-BA35-69C9EF19CEF2}"
EndProject
Global
	GlobalSection(SolutionConfigurationPlatforms) = preSolution
		Debug|Any CPU = Debug|Any CPU
		Release|Any CPU = Release|Any CPU
	EndGlobalSection
	GlobalSection(ProjectConfigurationPlatforms) = postSolution
		{1964D01E-902C-4069-9A93-BF7C9A1894F5}.Debug|Any CPU.ActiveCfg = Debug|Any CPU
		{1964D01E-902C-4069-9A93-BF7C9A1894F5}.Debug|Any CPU.Build.0 = Debug|Any CPU
		{1964D01E-902C-4069-9A93-BF7C9A1894F5}.Release|Any CPU.ActiveCfg = Release|Any CPU
		{1964D01E-902C-4069-9A93-BF7C9A1894F5}.Release|Any CPU.Build.0 = Release|Any CPU
		{D6A22B10-71A0-4D7E-BA35-69C9EF19CEF2}.Debug|Any CPU.ActiveCfg = Debug|Any CPU
		{D6A22B10-71A0-4D7E-BA35-69C9EF19CEF2}.Debug|Any CPU.Build.0 = Debug|Any CPU
		{D6A22B10-71A0-4D7E-BA35-69C9EF19CEF2}.Release|Any CPU.ActiveCfg = Release|Any CPU
		{D6A22B10-71A0-4D7E-BA35-69C9EF19CEF2}.Release|Any CPU.Build.0 = Release|Any CPU
	EndGlobalSection
	GlobalSection(SolutionProperties) = preSolution
		HideSolutionNode = FALSE
	EndGlobalSection
EndGlobal
